
Microsoft Visual Studio Solution File, Format Version 12.00
# Visual Studio Version 16
VisualStudioVersion = 16.0.33328.57
MinimumVisualStudioVersion = 10.0.40219.1
Project("{FAE04EC0-301F-11D3-BF4B-00C04F79EFBC}") = "CyberHW_Pacmen", "CyberHW_Pacmen.csproj", "{7AA667C3-2F06-4123-BE78-F411E4659A30}"
EndProject
Global
	GlobalSection(SolutionConfigurationPlatforms) = preSolution
		Debug|Any CPU = Debug|Any CPU
		Release|Any CPU = Release|Any CPU
	EndGlobalSection
	GlobalSection(ProjectConfigurationPlatforms) = postSolution
		{7AA667C3-2F06-4123-BE78-F411E4659A30}.Debug|Any CPU.ActiveCfg = Debug|Any CPU
		{7AA667C3-2F06-4123-BE78-F411E4659A30}.Debug|Any CPU.Build.0 = Debug|Any CPU
		{7AA667C3-2F06-4123-BE78-F411E4659A30}.Release|Any CPU.ActiveCfg = Release|Any CPU
		{7AA667C3-2F06-4123-BE78-F411E4659A30}.Release|Any CPU.Build.0 = Release|Any CPU
	EndGlobalSection
	GlobalSection(SolutionProperties) = preSolution
		HideSolutionNode = FALSE
	EndGlobalSection
	GlobalSection(ExtensibilityGlobals) = postSolution
		SolutionGuid = {B74FA728-6849-4D80-97AE-61B328AD70C7}
	EndGlobalSection
EndGlobal
